
Microsoft Visual Studio Solution File, Format Version 12.00
# Visual Studio Version 17
VisualStudioVersion = 17.6.33829.357
MinimumVisualStudioVersion = 10.0.40219.1
Project("{8BC9CEB8-8B4A-11D0-8D11-00A0C91BC942}") = "36_冒泡排序", "36_冒泡排序\36_冒泡排序.vcxproj", "{3469100A-1E00-4E54-B057-1D6E30F0A946}"
EndProject
Global
	GlobalSection(SolutionConfigurationPlatforms) = preSolution
		Debug|x64 = Debug|x64
		Debug|x86 = Debug|x86
		Release|x64 = Release|x64
		Release|x86 = Release|x86
	EndGlobalSection
	GlobalSection(ProjectConfigurationPlatforms) = postSolution
		{3469100A-1E00-4E54-B057-1D6E30F0A946}.Debug|x64.ActiveCfg = Debug|x64
		{3469100A-1E00-4E54-B057-1D6E30F0A946}.Debug|x64.Build.0 = Debug|x64
		{3469100A-1E00-4E54-B057-1D6E30F0A946}.Debug|x86.ActiveCfg = Debug|Win32
		{3469100A-1E00-4E54-B057-1D6E30F0A946}.Debug|x86.Build.0 = Debug|Win32
		{3469100A-1E00-4E54-B057-1D6E30F0A946}.Release|x64.ActiveCfg = Release|x64
		{3469100A-1E00-4E54-B057-1D6E30F0A946}.Release|x64.Build.0 = Release|x64
		{3469100A-1E00-4E54-B057-1D6E30F0A946}.Release|x86.ActiveCfg = Release|Win32
		{3469100A-1E00-4E54-B057-1D6E30F0A946}.Release|x86.Build.0 = Release|Win32
	EndGlobalSection
	GlobalSection(SolutionProperties) = preSolution
		HideSolutionNode = FALSE
	EndGlobalSection
	GlobalSection(ExtensibilityGlobals) = postSolution
		SolutionGuid = {62ACF32E-CEA9-4EC8-BC77-523FF6617F1F}
	EndGlobalSection
EndGlobal
